{
  "name": "VibinMusic_Beta",
  "requires": true,
  "lockfileVersion": 1,
  "dependencies": {
    "wavesurfer.js": {
      "version": "3.3.3",
      "resolved": "https://registry.npmjs.org/wavesurfer.js/-/wavesurfer.js-3.3.3.tgz",
      "integrity": "sha512-meko20S9in+V5xBLSVV/9uYVBSbx5AsJNkAslZ+a5yYIeFGYwcCo4Yd1sUpSGaiNnyflzrJwC7x7TdJFYrdT8w=="
    }
  }
}
