# THIS IS AN AUTOGENERATED FILE. DO NOT EDIT THIS FILE DIRECTLY.
# yarn lockfile v1


wavesurfer.js@^3.3.3:
  version "3.3.3"
  resolved "https://registry.yarnpkg.com/wavesurfer.js/-/wavesurfer.js-3.3.3.tgz#9b16a62335c6bd13a3d55deb895a336d027ccb51"
  integrity sha512-meko20S9in+V5xBLSVV/9uYVBSbx5AsJNkAslZ+a5yYIeFGYwcCo4Yd1sUpSGaiNnyflzrJwC7x7TdJFYrdT8w==
